{
    "_readme": [
        "This file locks the dependencies of your project to a known state",
        "Read more about it at http://getcomposer.org/doc/01-basic-usage.md#composer-lock-the-lock-file"
    ],
    "hash": "20ba7a197b07a737a51fe0eb0c9f47ad",
    "packages": [
        {
            "name": "evandotpro/edp-github",
            "version": "v0.1-alpha",
            "source": {
                "type": "git",
                "url": "https://github.com/EvanDotPro/EdpGithub.git",
                "reference": "8302e180bf7d4174eed4d7f69cffd81c0ac4c0ac"
            },
            "dist": {
                "type": "zip",
                "url": "https://api.github.com/repos/EvanDotPro/EdpGithub/zipball/8302e180bf7d4174eed4d7f69cffd81c0ac4c0ac",
                "reference": "8302e180bf7d4174eed4d7f69cffd81c0ac4c0ac",
                "shasum": ""
            },
            "require": {
                "php": ">=5.3.3",
                "zendframework/zendframework": "2.*"
            },
            "require-dev": {
                "phpunit/phpunit": "3.7.*"
            },
            "type": "zf-module",
            "autoload": {
                "psr-0": {
                    "EdpGithub": "src/"
                },
                "classmap": [
                    "./Module.php"
                ]
            },
            "notification-url": "https://packagist.org/downloads/",
            "license": [
                "BSD-2-Clause"
            ],
            "authors": [
                {
                    "name": "Evan Coury",
                    "email": "me@evancoury.com",
                    "homepage": "http://blog.evan.pro/"
                },
                {
                    "name": "Martin Shwalbe",
                    "email": "martin.shwalbe@gmail.com",
                    "homepage": "http://hounddog.github.io"
                }
            ],
            "description": "Github API integration module for Zend Framework 2",
            "homepage": "https://github.com/EvanDotPro/EdpGithub",
            "keywords": [
                "api",
                "github",
                "module",
                "zf2"
            ],
            "time": "2013-12-03 16:17:55"
        },
        {
            "name": "evandotpro/edp-markdown",
            "version": "0.1.0",
            "source": {
                "type": "git",
                "url": "https://github.com/EvanDotPro/EdpMarkdown.git",
                "reference": "origin/master"
            },
            "type": "library",
            "autoload": {
                "psr-0": {
                    "EdpMarkdown": "src/"
                },
                "classmap": [
                    "./Module.php"
                ]
            }
        },
        {
            "name": "evandotpro/edp-module-layouts",
            "version": "v1.0",
            "source": {
                "type": "git",
                "url": "https://github.com/EvanDotPro/EdpModuleLayouts.git",
                "reference": "984658a4aa3d70d2830b598f0fd44fb0ad56e981"
            },
            "dist": {
                "type": "zip",
                "url": "https://api.github.com/repos/EvanDotPro/EdpModuleLayouts/zipball/984658a4aa3d70d2830b598f0fd44fb0ad56e981",
                "reference": "984658a4aa3d70d2830b598f0fd44fb0ad56e981",
                "shasum": ""
            },
            "require": {
                "php": ">=5.3"
            },
            "type": "library",
            "autoload": {
                "classmap": [
                    "./Module.php"
                ]
            },
            "notification-url": "https://packagist.org/downloads/",
            "authors": [
                {
                    "name": "Evan Coury",
                    "email": "me@evancoury.com",
                    "homepage": "http://blog.evan.pro/"
                }
            ],
            "description": "EdpModuleLayouts is very simple ZF2 module for making module-specific layouts insanely easy.",
            "homepage": "https://github.com/EvanDotPro/EdpModuleLayouts",
            "keywords": [
                "zf2"
            ],
            "time": "2012-09-14 01:32:51"
        },
        {
            "name": "hybridauth/hybridauth",
            "version": "dev-master",
            "source": {
                "type": "git",
                "url": "https://github.com/hybridauth/hybridauth.git",
                "reference": "0f4320b9be68c82b72631994bbe377280b35fb44"
            },
            "dist": {
                "type": "zip",
                "url": "https://api.github.com/repos/hybridauth/hybridauth/zipball/0f4320b9be68c82b72631994bbe377280b35fb44",
                "reference": "0f4320b9be68c82b72631994bbe377280b35fb44",
                "shasum": ""
            },
            "require": {
                "ext-curl": "*",
                "php": ">=5.2.0"
            },
            "type": "library",
            "autoload": {
                "psr-0": {
                    "Hybrid": "hybridauth/"
                }
            },
            "notification-url": "https://packagist.org/downloads/",
            "license": [
                "(MIT or GPL-3.0+)"
            ],
            "authors": [
                {
                    "name": "Miled",
                    "email": "hybridauth@gmail.com"
                }
            ],
            "description": "Open source social sign on PHP library.",
            "homepage": "http://hybridauth.sourceforge.net",
            "keywords": [
                "OpenId",
                "facebook",
                "google",
                "hybridauth",
                "login",
                "oauth",
                "social",
                "twitter",
                "yahoo"
            ],
            "time": "2014-04-04 21:28:00"
        },
        {
            "name": "kriswallsmith/assetic",
            "version": "1.1.x-dev",
            "source": {
                "type": "git",
                "url": "https://github.com/kriswallsmith/assetic.git",
                "reference": "1d671c54f147ece319642132330927672b6190a7"
            },
            "dist": {
                "type": "zip",
                "url": "https://api.github.com/repos/kriswallsmith/assetic/zipball/1d671c54f147ece319642132330927672b6190a7",
                "reference": "1d671c54f147ece319642132330927672b6190a7",
                "shasum": ""
            },
            "require": {
                "php": ">=5.3.1",
                "symfony/process": "~2.1"
            },
            "require-dev": {
                "cssmin/cssmin": "*",
                "joliclic/javascript-packer": "*",
                "kamicane/packager": "*",
                "leafo/lessphp": "*",
                "leafo/scssphp": "*",
                "leafo/scssphp-compass": "*",
                "mrclay/minify": "*",
                "phpunit/phpunit": "~3.7",
                "ptachoire/cssembed": "*",
                "twig/twig": "~1.6"
            },
            "suggest": {
                "leafo/lessphp": "Assetic provides the integration with the lessphp LESS compiler",
                "leafo/scssphp": "Assetic provides the integration with the scssphp SCSS compiler",
                "leafo/scssphp-compass": "Assetic provides the integration with the SCSS compass plugin",
                "ptachoire/cssembed": "Assetic provides the integration with phpcssembed to embed data uris",
                "twig/twig": "Assetic provides the integration with the Twig templating engine"
            },
            "type": "library",
            "extra": {
                "branch-alias": {
                    "dev-master": "1.1-dev"
                }
            },
            "autoload": {
                "psr-0": {
                    "Assetic": "src/"
                },
                "files": [
                    "src/functions.php"
                ]
            },
            "notification-url": "https://packagist.org/downloads/",
            "license": [
                "MIT"
            ],
            "authors": [
                {
                    "name": "Kris Wallsmith",
                    "email": "kris.wallsmith@gmail.com",
                    "homepage": "http://kriswallsmith.net/"
                }
            ],
            "description": "Asset Management for PHP",
            "homepage": "https://github.com/kriswallsmith/assetic",
            "keywords": [
                "assets",
                "compression",
                "minification"
            ],
            "time": "2013-09-03 12:44:05"
        },
        {
            "name": "lorenzoferrarajr/lfj-error-layout",
            "version": "v1.0.1",
            "source": {
                "type": "git",
                "url": "https://github.com/lorenzoferrarajr/LfjErrorLayout.git",
                "reference": "ca0989ff33ad5d92992130ee06c22ce1bf98deb6"
            },
            "dist": {
                "type": "zip",
                "url": "https://api.github.com/repos/lorenzoferrarajr/LfjErrorLayout/zipball/ca0989ff33ad5d92992130ee06c22ce1bf98deb6",
                "reference": "ca0989ff33ad5d92992130ee06c22ce1bf98deb6",
                "shasum": ""
            },
            "require": {
                "php": ">=5.3"
            },
            "type": "library",
            "autoload": {
                "classmap": [
                    "./Module.php"
                ]
            },
            "notification-url": "https://packagist.org/downloads/",
            "authors": [
                {
                    "name": "Lorenzo Ferrara Junior",
                    "email": "lorenzoferrarajr@gmail.com",
                    "homepage": "http://www.lorenzoferrara.net/"
                }
            ],
            "description": "LfjErrorLayout is a ZF2 module that allows you to use an alternative layout when a dispatch errors occur.",
            "homepage": "https://github.com/lorenzoferrarajr/LfjErrorLayout",
            "keywords": [
                "zf2"
            ],
            "time": "2014-02-04 19:39:39"
        },
        {
            "name": "rwoverdijk/assetmanager",
            "version": "1.3.7",
            "source": {
                "type": "git",
                "url": "https://github.com/RWOverdijk/AssetManager.git",
                "reference": "bfba7e3151b719aa8168136de897dff2bca9dead"
            },
            "dist": {
                "type": "zip",
                "url": "https://api.github.com/repos/RWOverdijk/AssetManager/zipball/bfba7e3151b719aa8168136de897dff2bca9dead",
                "reference": "bfba7e3151b719aa8168136de897dff2bca9dead",
                "shasum": ""
            },
            "require": {
                "kriswallsmith/assetic": "~1.1.0",
                "php": ">=5.3.3",
                "zendframework/zend-eventmanager": "2.*",
                "zendframework/zend-loader": "2.*",
                "zendframework/zend-modulemanager": "2.*",
                "zendframework/zend-mvc": "2.*",
                "zendframework/zend-servicemanager": "2.*",
                "zendframework/zend-stdlib": "2.*"
            },
            "require-dev": {
                "phpunit/phpunit": "~4.0",
                "squizlabs/php_codesniffer": "1.5.*",
                "zendframework/zendframework": "2.*"
            },
            "type": "library",
            "autoload": {
                "psr-0": {
                    "AssetManager": "src/"
                }
            },
            "notification-url": "https://packagist.org/downloads/",
            "license": [
                "BSD-2-Clause"
            ],
            "authors": [
                {
                    "name": "Marco Pivetta",
                    "email": "ocramius@gmail.com",
                    "homepage": "http://ocramius.github.com/",
                    "role": "Developer"
                },
                {
                    "name": "Wesley Overdijk",
                    "email": "r.w.overdijk@gmail.com",
                    "homepage": "http://blog.spoonx.nl/"
                }
            ],
            "description": "An assetmanager module for Zend Framework 2.",
            "homepage": "https://github.com/RWOverdijk/AssetManager",
            "keywords": [
                "asset",
                "asset manager",
                "zend framework 2",
                "zf2"
            ],
            "time": "2014-04-07 04:56:33"
        },
        {
            "name": "socalnick/scn-social-auth",
            "version": "1.10.0",
            "source": {
                "type": "git",
                "url": "https://github.com/SocalNick/ScnSocialAuth.git",
                "reference": "d8e1f9570082eafc63ae1d613554328f0d929ef8"
            },
            "dist": {
                "type": "zip",
                "url": "https://api.github.com/repos/SocalNick/ScnSocialAuth/zipball/d8e1f9570082eafc63ae1d613554328f0d929ef8",
                "reference": "d8e1f9570082eafc63ae1d613554328f0d929ef8",
                "shasum": ""
            },
            "require": {
                "hybridauth/hybridauth": "dev-master",
                "php": ">=5.3.3",
                "zendframework/zendframework": "2.*",
                "zf-commons/zfc-base": "0.*",
                "zf-commons/zfc-user": "0.*"
            },
            "require-dev": {
                "mockery/mockery": ">=0.7.2"
            },
            "type": "library",
            "autoload": {
                "psr-0": {
                    "ScnSocialAuth": "src/",
                    "ScnSocialAuthTest": "test/"
                },
                "classmap": [
                    "./"
                ]
            },
            "notification-url": "https://packagist.org/downloads/",
            "authors": [
                {
                    "name": "Nicholas Calugar",
                    "email": "njcalugar@gmail.com",
                    "homepage": "http://socalnick.github.com/",
                    "role": "Developer"
                }
            ],
            "description": "Uses the HybridAuth PHP library to Enable authentication via Google, Facebook, Twitter, Yahoo!, etc for the ZfcUser ZF2 module.",
            "homepage": "https://github.com/SocalNick/ScnSocialAuth",
            "keywords": [
                "zf2"
            ],
            "time": "2013-07-29 17:46:15"
        },
        {
            "name": "symfony/process",
            "version": "dev-master",
            "target-dir": "Symfony/Component/Process",
            "source": {
                "type": "git",
                "url": "https://github.com/symfony/Process.git",
                "reference": "10767aeb15bd6fc0c7cf18fa6883e5237ea7cf29"
            },
            "dist": {
                "type": "zip",
                "url": "https://api.github.com/repos/symfony/Process/zipball/10767aeb15bd6fc0c7cf18fa6883e5237ea7cf29",
                "reference": "10767aeb15bd6fc0c7cf18fa6883e5237ea7cf29",
                "shasum": ""
            },
            "require": {
                "php": ">=5.3.3"
            },
            "type": "library",
            "extra": {
                "branch-alias": {
                    "dev-master": "2.5-dev"
                }
            },
            "autoload": {
                "psr-0": {
                    "Symfony\\Component\\Process\\": ""
                }
            },
            "notification-url": "https://packagist.org/downloads/",
            "license": [
                "MIT"
            ],
            "authors": [
                {
                    "name": "Fabien Potencier",
                    "email": "fabien@symfony.com",
                    "homepage": "http://fabien.potencier.org",
                    "role": "Lead Developer"
                },
                {
                    "name": "Symfony Community",
                    "homepage": "http://symfony.com/contributors"
                }
            ],
            "description": "Symfony Process Component",
            "homepage": "http://symfony.com",
            "time": "2014-04-03 05:23:50"
        },
        {
            "name": "zendframework/zendframework",
            "version": "dev-master",
            "source": {
                "type": "git",
                "url": "https://github.com/zendframework/zf2.git",
                "reference": "618760e80dfe1a2ef215d4b83cc4aefce8804b0e"
            },
            "dist": {
                "type": "zip",
                "url": "https://api.github.com/repos/zendframework/zf2/zipball/618760e80dfe1a2ef215d4b83cc4aefce8804b0e",
                "reference": "618760e80dfe1a2ef215d4b83cc4aefce8804b0e",
                "shasum": ""
            },
            "require": {
                "php": ">=5.3.23",
                "zendframework/zendxml": "~1.0-dev"
            },
            "replace": {
                "zendframework/zend-authentication": "self.version",
                "zendframework/zend-barcode": "self.version",
                "zendframework/zend-cache": "self.version",
                "zendframework/zend-captcha": "self.version",
                "zendframework/zend-code": "self.version",
                "zendframework/zend-config": "self.version",
                "zendframework/zend-console": "self.version",
                "zendframework/zend-crypt": "self.version",
                "zendframework/zend-db": "self.version",
                "zendframework/zend-debug": "self.version",
                "zendframework/zend-di": "self.version",
                "zendframework/zend-dom": "self.version",
                "zendframework/zend-escaper": "self.version",
                "zendframework/zend-eventmanager": "self.version",
                "zendframework/zend-feed": "self.version",
                "zendframework/zend-file": "self.version",
                "zendframework/zend-filter": "self.version",
                "zendframework/zend-form": "self.version",
                "zendframework/zend-http": "self.version",
                "zendframework/zend-i18n": "self.version",
                "zendframework/zend-inputfilter": "self.version",
                "zendframework/zend-json": "self.version",
                "zendframework/zend-ldap": "self.version",
                "zendframework/zend-loader": "self.version",
                "zendframework/zend-log": "self.version",
                "zendframework/zend-mail": "self.version",
                "zendframework/zend-math": "self.version",
                "zendframework/zend-memory": "self.version",
                "zendframework/zend-mime": "self.version",
                "zendframework/zend-modulemanager": "self.version",
                "zendframework/zend-mvc": "self.version",
                "zendframework/zend-navigation": "self.version",
                "zendframework/zend-paginator": "self.version",
                "zendframework/zend-permissions-acl": "self.version",
                "zendframework/zend-permissions-rbac": "self.version",
                "zendframework/zend-progressbar": "self.version",
                "zendframework/zend-resources": "self.version",
                "zendframework/zend-serializer": "self.version",
                "zendframework/zend-server": "self.version",
                "zendframework/zend-servicemanager": "self.version",
                "zendframework/zend-session": "self.version",
                "zendframework/zend-soap": "self.version",
                "zendframework/zend-stdlib": "self.version",
                "zendframework/zend-tag": "self.version",
                "zendframework/zend-test": "self.version",
                "zendframework/zend-text": "self.version",
                "zendframework/zend-uri": "self.version",
                "zendframework/zend-validator": "self.version",
                "zendframework/zend-version": "self.version",
                "zendframework/zend-view": "self.version",
                "zendframework/zend-xmlrpc": "self.version"
            },
            "require-dev": {
                "doctrine/annotations": ">=1.0",
                "fabpot/php-cs-fixer": "*@dev",
                "ircmaxell/random-lib": "dev-master",
                "ircmaxell/security-lib": "dev-master",
                "mikey179/vfsstream": "1.2.*",
                "phpunit/phpunit": "3.7.*",
                "satooshi/php-coveralls": "dev-master",
                "sebastianbergmann/phpcov": "1.1.0"
            },
            "suggest": {
                "doctrine/annotations": "Doctrine Annotations >=1.0 for annotation features",
                "ext-intl": "ext/intl for i18n features (included in default builds of PHP)",
                "ircmaxell/random-lib": "Fallback random byte generator for Zend\\Math\\Rand if OpenSSL/Mcrypt extensions are unavailable",
                "ocramius/proxy-manager": "ProxyManager 0.5.* to handle lazy initialization of services",
                "zendframework/zendpdf": "ZendPdf for creating PDF representations of barcodes",
                "zendframework/zendservice-recaptcha": "ZendService\\ReCaptcha for rendering ReCaptchas in Zend\\Captcha and/or Zend\\Form"
            },
            "bin": [
                "bin/classmap_generator.php",
                "bin/pluginmap_generator.php",
                "bin/templatemap_generator.php"
            ],
            "type": "library",
            "extra": {
                "branch-alias": {
                    "dev-master": "2.3-dev",
                    "dev-develop": "2.4-dev"
                }
            },
            "autoload": {
                "psr-0": {
                    "Zend\\": "library/"
                }
            },
            "notification-url": "https://packagist.org/downloads/",
            "license": [
                "BSD-3-Clause"
            ],
            "description": "Zend Framework 2",
            "homepage": "http://framework.zend.com/",
            "keywords": [
                "framework",
                "zf2"
            ],
            "time": "2014-04-06 18:28:49"
        },
        {
            "name": "zendframework/zendxml",
            "version": "dev-master",
            "source": {
                "type": "git",
                "url": "https://github.com/zendframework/ZendXml.git",
                "reference": "559b34f426d33a11c3db118e00ce14bb8dc64e5f"
            },
            "dist": {
                "type": "zip",
                "url": "https://api.github.com/repos/zendframework/ZendXml/zipball/559b34f426d33a11c3db118e00ce14bb8dc64e5f",
                "reference": "559b34f426d33a11c3db118e00ce14bb8dc64e5f",
                "shasum": ""
            },
            "require": {
                "php": ">=5.3.3"
            },
            "require-dev": {
                "fabpot/php-cs-fixer": "*@dev",
                "phpunit/phpunit": "~3.7"
            },
            "type": "library",
            "extra": {
                "branch-alias": {
                    "dev-master": "1.0-dev"
                }
            },
            "autoload": {
                "psr-0": {
                    "ZendXml": "library/"
                }
            },
            "notification-url": "https://packagist.org/downloads/",
            "license": [
                "BSD-3-Clause"
            ],
            "description": "Utility library for XML usage, best practices, and security in PHP",
            "homepage": "http://packages.zendframework.com/",
            "keywords": [
                "security",
                "xml",
                "zf2"
            ],
            "time": "2014-03-05 22:25:44"
        },
        {
            "name": "zf-commons/zfc-base",
            "version": "v0.1.2",
            "source": {
                "type": "git",
                "url": "https://github.com/ZF-Commons/ZfcBase.git",
                "reference": "fc68a49b58ba68584a9a4c44a1ca9df12b30d1bf"
            },
            "dist": {
                "type": "zip",
                "url": "https://api.github.com/repos/ZF-Commons/ZfcBase/zipball/fc68a49b58ba68584a9a4c44a1ca9df12b30d1bf",
                "reference": "fc68a49b58ba68584a9a4c44a1ca9df12b30d1bf",
                "shasum": ""
            },
            "require": {
                "php": ">=5.3.3",
                "zendframework/zend-db": "~2.1",
                "zendframework/zend-eventmanager": "~2.1",
                "zendframework/zend-loader": "~2.1",
                "zendframework/zend-modulemanager": "~2.1",
                "zendframework/zend-mvc": "~2.1",
                "zendframework/zend-servicemanager": "~2.1",
                "zendframework/zend-stdlib": "~2.1"
            },
            "type": "library",
            "autoload": {
                "psr-0": {
                    "ZfcBase": "src/"
                },
                "classmap": [
                    "./Module.php"
                ]
            },
            "notification-url": "https://packagist.org/downloads/",
            "authors": [
                {
                    "name": "Kyle Spraggs",
                    "email": "theman@spiffyjr.me",
                    "homepage": "http://www.spiffyjr.me/"
                },
                {
                    "name": "Evan Coury",
                    "email": "me@evancoury.com",
                    "homepage": "http://blog.evan.pro/"
                }
            ],
            "description": "A set of genetic (abstract) classes which are commonly used across multiple modules.",
            "homepage": "https://github.com/ZF-Commons/ZfcBase",
            "keywords": [
                "zf2"
            ],
            "time": "2013-05-02 12:33:49"
        },
        {
            "name": "zf-commons/zfc-user",
            "version": "dev-master",
            "source": {
                "type": "git",
                "url": "https://github.com/ZF-Commons/ZfcUser.git",
                "reference": "48c2f8da34df09387c7563fb87a183b91a8a1126"
            },
            "dist": {
                "type": "zip",
                "url": "https://api.github.com/repos/ZF-Commons/ZfcUser/zipball/48c2f8da34df09387c7563fb87a183b91a8a1126",
                "reference": "48c2f8da34df09387c7563fb87a183b91a8a1126",
                "shasum": ""
            },
            "require": {
                "php": ">=5.3.3",
                "zendframework/zend-authentication": "~2.1",
                "zendframework/zend-crypt": "~2.1",
                "zendframework/zend-form": "~2.1",
                "zendframework/zend-inputfilter": "~2.1",
                "zendframework/zend-loader": "~2.1",
                "zendframework/zend-modulemanager": "~2.1",
                "zendframework/zend-mvc": "~2.1",
                "zendframework/zend-servicemanager": "~2.1",
                "zendframework/zend-stdlib": "~2.1",
                "zendframework/zend-validator": "~2.1",
                "zendframework/zend-view": "~2.1",
                "zf-commons/zfc-base": "0.*"
            },
            "suggest": {
                "zendframework/zend-session": "To use the default authentication adapter."
            },
            "type": "library",
            "extra": {
                "branch-alias": {
                    "dev-master": "0.1.x-dev"
                }
            },
            "autoload": {
                "psr-0": {
                    "ZfcUser": "src/"
                },
                "classmap": [
                    "./Module.php"
                ]
            },
            "notification-url": "https://packagist.org/downloads/",
            "license": [
                "BSD-3-Clause"
            ],
            "authors": [
                {
                    "name": "Kyle Spraggs",
                    "email": "theman@spiffyjr.me",
                    "homepage": "http://www.spiffyjr.me/"
                },
                {
                    "name": "Evan Coury",
                    "email": "me@evancoury.com",
                    "homepage": "http://blog.evan.pro/"
                }
            ],
            "description": "A generic user registration and authentication module for ZF2. Supports Zend\\Db and Doctrine2.",
            "homepage": "https://github.com/ZF-Commons/ZfcUser",
            "keywords": [
                "zf2"
            ],
            "time": "2014-03-24 12:31:32"
        }
    ],
    "packages-dev": [
        {
            "name": "phpunit/php-code-coverage",
            "version": "1.2.x-dev",
            "source": {
                "type": "git",
                "url": "https://github.com/sebastianbergmann/php-code-coverage.git",
                "reference": "6ef2bf3a1c47eca07ea95f0d8a902a6340390b34"
            },
            "dist": {
                "type": "zip",
                "url": "https://api.github.com/repos/sebastianbergmann/php-code-coverage/zipball/6ef2bf3a1c47eca07ea95f0d8a902a6340390b34",
                "reference": "6ef2bf3a1c47eca07ea95f0d8a902a6340390b34",
                "shasum": ""
            },
            "require": {
                "php": ">=5.3.3",
                "phpunit/php-file-iterator": ">=1.3.0@stable",
                "phpunit/php-text-template": ">=1.2.0@stable",
                "phpunit/php-token-stream": ">=1.1.3@stable"
            },
            "require-dev": {
                "phpunit/phpunit": "3.7.*@dev"
            },
            "suggest": {
                "ext-dom": "*",
                "ext-xdebug": ">=2.0.5"
            },
            "type": "library",
            "extra": {
                "branch-alias": {
                    "dev-master": "1.2.x-dev"
                }
            },
            "autoload": {
                "classmap": [
                    "PHP/"
                ]
            },
            "notification-url": "https://packagist.org/downloads/",
            "include-path": [
                ""
            ],
            "license": [
                "BSD-3-Clause"
            ],
            "authors": [
                {
                    "name": "Sebastian Bergmann",
                    "email": "sb@sebastian-bergmann.de",
                    "role": "lead"
                }
            ],
            "description": "Library that provides collection, processing, and rendering functionality for PHP code coverage information.",
            "homepage": "https://github.com/sebastianbergmann/php-code-coverage",
            "keywords": [
                "coverage",
                "testing",
                "xunit"
            ],
            "time": "2014-03-28 10:53:45"
        },
        {
            "name": "phpunit/php-file-iterator",
            "version": "1.3.4",
            "source": {
                "type": "git",
                "url": "https://github.com/sebastianbergmann/php-file-iterator.git",
                "reference": "acd690379117b042d1c8af1fafd61bde001bf6bb"
            },
            "dist": {
                "type": "zip",
                "url": "https://api.github.com/repos/sebastianbergmann/php-file-iterator/zipball/acd690379117b042d1c8af1fafd61bde001bf6bb",
                "reference": "acd690379117b042d1c8af1fafd61bde001bf6bb",
                "shasum": ""
            },
            "require": {
                "php": ">=5.3.3"
            },
            "type": "library",
            "autoload": {
                "classmap": [
                    "File/"
                ]
            },
            "notification-url": "https://packagist.org/downloads/",
            "include-path": [
                ""
            ],
            "license": [
                "BSD-3-Clause"
            ],
            "authors": [
                {
                    "name": "Sebastian Bergmann",
                    "email": "sb@sebastian-bergmann.de",
                    "role": "lead"
                }
            ],
            "description": "FilterIterator implementation that filters files based on a list of suffixes.",
            "homepage": "https://github.com/sebastianbergmann/php-file-iterator/",
            "keywords": [
                "filesystem",
                "iterator"
            ],
            "time": "2013-10-10 15:34:57"
        },
        {
            "name": "phpunit/php-text-template",
            "version": "1.2.0",
            "source": {
                "type": "git",
                "url": "https://github.com/sebastianbergmann/php-text-template.git",
                "reference": "206dfefc0ffe9cebf65c413e3d0e809c82fbf00a"
            },
            "dist": {
                "type": "zip",
                "url": "https://api.github.com/repos/sebastianbergmann/php-text-template/zipball/206dfefc0ffe9cebf65c413e3d0e809c82fbf00a",
                "reference": "206dfefc0ffe9cebf65c413e3d0e809c82fbf00a",
                "shasum": ""
            },
            "require": {
                "php": ">=5.3.3"
            },
            "type": "library",
            "autoload": {
                "classmap": [
                    "Text/"
                ]
            },
            "notification-url": "https://packagist.org/downloads/",
            "include-path": [
                ""
            ],
            "license": [
                "BSD-3-Clause"
            ],
            "authors": [
                {
                    "name": "Sebastian Bergmann",
                    "email": "sb@sebastian-bergmann.de",
                    "role": "lead"
                }
            ],
            "description": "Simple template engine.",
            "homepage": "https://github.com/sebastianbergmann/php-text-template/",
            "keywords": [
                "template"
            ],
            "time": "2014-01-30 17:20:04"
        },
        {
            "name": "phpunit/php-timer",
            "version": "1.0.5",
            "source": {
                "type": "git",
                "url": "https://github.com/sebastianbergmann/php-timer.git",
                "reference": "19689d4354b295ee3d8c54b4f42c3efb69cbc17c"
            },
            "dist": {
                "type": "zip",
                "url": "https://api.github.com/repos/sebastianbergmann/php-timer/zipball/19689d4354b295ee3d8c54b4f42c3efb69cbc17c",
                "reference": "19689d4354b295ee3d8c54b4f42c3efb69cbc17c",
                "shasum": ""
            },
            "require": {
                "php": ">=5.3.3"
            },
            "type": "library",
            "autoload": {
                "classmap": [
                    "PHP/"
                ]
            },
            "notification-url": "https://packagist.org/downloads/",
            "include-path": [
                ""
            ],
            "license": [
                "BSD-3-Clause"
            ],
            "authors": [
                {
                    "name": "Sebastian Bergmann",
                    "email": "sb@sebastian-bergmann.de",
                    "role": "lead"
                }
            ],
            "description": "Utility class for timing",
            "homepage": "https://github.com/sebastianbergmann/php-timer/",
            "keywords": [
                "timer"
            ],
            "time": "2013-08-02 07:42:54"
        },
        {
            "name": "phpunit/php-token-stream",
            "version": "dev-master",
            "source": {
                "type": "git",
                "url": "https://github.com/sebastianbergmann/php-token-stream.git",
                "reference": "ad4e1e23ae01b483c16f600ff1bebec184588e32"
            },
            "dist": {
                "type": "zip",
                "url": "https://api.github.com/repos/sebastianbergmann/php-token-stream/zipball/ad4e1e23ae01b483c16f600ff1bebec184588e32",
                "reference": "ad4e1e23ae01b483c16f600ff1bebec184588e32",
                "shasum": ""
            },
            "require": {
                "ext-tokenizer": "*",
                "php": ">=5.3.3"
            },
            "type": "library",
            "extra": {
                "branch-alias": {
                    "dev-master": "1.2-dev"
                }
            },
            "autoload": {
                "classmap": [
                    "PHP/"
                ]
            },
            "notification-url": "https://packagist.org/downloads/",
            "include-path": [
                ""
            ],
            "license": [
                "BSD-3-Clause"
            ],
            "authors": [
                {
                    "name": "Sebastian Bergmann",
                    "email": "sb@sebastian-bergmann.de",
                    "role": "lead"
                }
            ],
            "description": "Wrapper around PHP's tokenizer extension.",
            "homepage": "https://github.com/sebastianbergmann/php-token-stream/",
            "keywords": [
                "tokenizer"
            ],
            "time": "2014-03-03 05:10:30"
        },
        {
            "name": "phpunit/phpunit",
            "version": "3.7.x-dev",
            "source": {
                "type": "git",
                "url": "https://github.com/sebastianbergmann/phpunit.git",
                "reference": "248d6ce95e6ca7f0e3135252c0b984bbe1f52f19"
            },
            "dist": {
                "type": "zip",
                "url": "https://api.github.com/repos/sebastianbergmann/phpunit/zipball/248d6ce95e6ca7f0e3135252c0b984bbe1f52f19",
                "reference": "248d6ce95e6ca7f0e3135252c0b984bbe1f52f19",
                "shasum": ""
            },
            "require": {
                "ext-dom": "*",
                "ext-pcre": "*",
                "ext-reflection": "*",
                "ext-spl": "*",
                "php": ">=5.3.3",
                "phpunit/php-code-coverage": "~1.2",
                "phpunit/php-file-iterator": "~1.3",
                "phpunit/php-text-template": "~1.1",
                "phpunit/php-timer": "~1.0",
                "phpunit/phpunit-mock-objects": "~1.2",
                "symfony/yaml": "~2.0"
            },
            "require-dev": {
                "pear-pear.php.net/pear": "1.9.4"
            },
            "suggest": {
                "ext-json": "*",
                "ext-simplexml": "*",
                "ext-tokenizer": "*",
                "phpunit/php-invoker": "~1.1"
            },
            "bin": [
                "composer/bin/phpunit"
            ],
            "type": "library",
            "extra": {
                "branch-alias": {
                    "dev-master": "3.7.x-dev"
                }
            },
            "autoload": {
                "classmap": [
                    "PHPUnit/"
                ]
            },
            "notification-url": "https://packagist.org/downloads/",
            "include-path": [
                "",
                "../../symfony/yaml/"
            ],
            "license": [
                "BSD-3-Clause"
            ],
            "authors": [
                {
                    "name": "Sebastian Bergmann",
                    "email": "sebastian@phpunit.de",
                    "role": "lead"
                }
            ],
            "description": "The PHP Unit Testing framework.",
            "homepage": "http://www.phpunit.de/",
            "keywords": [
                "phpunit",
                "testing",
                "xunit"
            ],
            "time": "2014-03-28 11:04:36"
        },
        {
            "name": "phpunit/phpunit-mock-objects",
            "version": "1.2.x-dev",
            "source": {
                "type": "git",
                "url": "https://github.com/sebastianbergmann/phpunit-mock-objects.git",
                "reference": "c39c4511c3b007539eb170c32cbc2af49a07351a"
            },
            "dist": {
                "type": "zip",
                "url": "https://api.github.com/repos/sebastianbergmann/phpunit-mock-objects/zipball/c39c4511c3b007539eb170c32cbc2af49a07351a",
                "reference": "c39c4511c3b007539eb170c32cbc2af49a07351a",
                "shasum": ""
            },
            "require": {
                "php": ">=5.3.3",
                "phpunit/php-text-template": ">=1.1.1@stable"
            },
            "require-dev": {
                "phpunit/phpunit": "3.7.*@dev"
            },
            "suggest": {
                "ext-soap": "*"
            },
            "type": "library",
            "extra": {
                "branch-alias": {
                    "dev-master": "1.2.x-dev"
                }
            },
            "autoload": {
                "classmap": [
                    "PHPUnit/"
                ]
            },
            "notification-url": "https://packagist.org/downloads/",
            "include-path": [
                ""
            ],
            "license": [
                "BSD-3-Clause"
            ],
            "authors": [
                {
                    "name": "Sebastian Bergmann",
                    "email": "sb@sebastian-bergmann.de",
                    "role": "lead"
                }
            ],
            "description": "Mock Object library for PHPUnit",
            "homepage": "https://github.com/sebastianbergmann/phpunit-mock-objects/",
            "keywords": [
                "mock",
                "xunit"
            ],
            "time": "2014-02-16 12:43:56"
        },
        {
            "name": "symfony/yaml",
            "version": "dev-master",
            "target-dir": "Symfony/Component/Yaml",
            "source": {
                "type": "git",
                "url": "https://github.com/symfony/Yaml.git",
                "reference": "cee3067d680232674c6505d91db9d3d635a9a8f4"
            },
            "dist": {
                "type": "zip",
                "url": "https://api.github.com/repos/symfony/Yaml/zipball/cee3067d680232674c6505d91db9d3d635a9a8f4",
                "reference": "cee3067d680232674c6505d91db9d3d635a9a8f4",
                "shasum": ""
            },
            "require": {
                "php": ">=5.3.3"
            },
            "type": "library",
            "extra": {
                "branch-alias": {
                    "dev-master": "2.5-dev"
                }
            },
            "autoload": {
                "psr-0": {
                    "Symfony\\Component\\Yaml\\": ""
                }
            },
            "notification-url": "https://packagist.org/downloads/",
            "license": [
                "MIT"
            ],
            "authors": [
                {
                    "name": "Fabien Potencier",
                    "email": "fabien@symfony.com",
                    "homepage": "http://fabien.potencier.org",
                    "role": "Lead Developer"
                },
                {
                    "name": "Symfony Community",
                    "homepage": "http://symfony.com/contributors"
                }
            ],
            "description": "Symfony Yaml Component",
            "homepage": "http://symfony.com",
            "time": "2014-03-26 11:51:10"
        }
    ],
    "aliases": [

    ],
    "minimum-stability": "dev",
    "stability-flags": [

    ],
    "platform": {
        "php": ">=5.5.0"
    },
    "platform-dev": [

    ]
}
